
Microsoft Visual Studio Solution File, Format Version 11.00
# Visual Studio 2010
Project("{8BC9CEB8-8B4A-11D0-8D11-00A0C91BC942}") = "VesionCreateTool", "VesionCreateTool.vcxproj", "{0303AE9C-8D90-4068-A147-0DD0BE7F351C}"
EndProject
Global
	GlobalSection(SolutionConfigurationPlatforms) = preSolution
		Debug|Win32 = Debug|Win32
		Release|Win32 = Release|Win32
	EndGlobalSection
	GlobalSection(ProjectConfigurationPlatforms) = postSolution
		{0303AE9C-8D90-4068-A147-0DD0BE7F351C}.Debug|Win32.ActiveCfg = Debug|Win32
		{0303AE9C-8D90-4068-A147-0DD0BE7F351C}.Debug|Win32.Build.0 = Debug|Win32
		{0303AE9C-8D90-4068-A147-0DD0BE7F351C}.Release|Win32.ActiveCfg = Release|Win32
		{0303AE9C-8D90-4068-A147-0DD0BE7F351C}.Release|Win32.Build.0 = Release|Win32
	EndGlobalSection
	GlobalSection(SolutionProperties) = preSolution
		HideSolutionNode = FALSE
	EndGlobalSection
EndGlobal
